
Microsoft Visual Studio Solution File, Format Version 12.00
# Visual Studio Version 17
VisualStudioVersion = 17.3.32901.215
MinimumVisualStudioVersion = 10.0.40219.1
Project("{FAE04EC0-301F-11D3-BF4B-00C04F79EFBC}") = "Samoilov", "Samoilov\Samoilov.csproj", "{91C55439-5B66-44B7-A283-9CE07FB7E379}"
EndProject
Global
	GlobalSection(SolutionConfigurationPlatforms) = preSolution
		Debug|Any CPU = Debug|Any CPU
		Release|Any CPU = Release|Any CPU
	EndGlobalSection
	GlobalSection(ProjectConfigurationPlatforms) = postSolution
		{91C55439-5B66-44B7-A283-9CE07FB7E379}.Debug|Any CPU.ActiveCfg = Debug|Any CPU
		{91C55439-5B66-44B7-A283-9CE07FB7E379}.Debug|Any CPU.Build.0 = Debug|Any CPU
		{91C55439-5B66-44B7-A283-9CE07FB7E379}.Release|Any CPU.ActiveCfg = Release|Any CPU
		{91C55439-5B66-44B7-A283-9CE07FB7E379}.Release|Any CPU.Build.0 = Release|Any CPU
	EndGlobalSection
	GlobalSection(SolutionProperties) = preSolution
		HideSolutionNode = FALSE
	EndGlobalSection
	GlobalSection(ExtensibilityGlobals) = postSolution
		SolutionGuid = {9E4A1168-C81E-4459-8A2D-C68B1627F155}
	EndGlobalSection
EndGlobal
